// !$*UTF8*$!
{
	archiveVersion = 1;
	classes = {
	};
	objectVersion = 46;
	objects = {

/* Begin PBXBuildFile section */
		DFDA09691BE7FE9A00FFA1EE /* main.m in Sources */ = {isa = PBXBuildFile; fileRef = DFDA09681BE7FE9A00FFA1EE /* main.m */; };
		DFDA096C1BE7FE9A00FFA1EE /* AppDelegate.m in Sources */ = {isa = PBXBuildFile; fileRef = DFDA096B1BE7FE9A00FFA1EE /* AppDelegate.m */; };
		DFDA096F1BE7FE9A00FFA1EE /* MyTableViewController.m in Sources */ = {isa = PBXBuildFile; fileRef = DFDA096E1BE7FE9A00FFA1EE /* MyTableViewController.m */; };
		DFDA09721BE7FE9A00FFA1EE /* Main.storyboard in Resources */ = {isa = PBXBuildFile; fileRef = DFDA09701BE7FE9A00FFA1EE /* Main.storyboard */; };
		DFDA09741BE7FE9A00FFA1EE /* Assets.xcassets in Resources */ = {isa = PBXBuildFile; fileRef = DFDA09731BE7FE9A00FFA1EE /* Assets.xcassets */; };
		DFDA09771BE7FE9A00FFA1EE /* LaunchScreen.storyboard in Resources */ = {isa = PBXBuildFile; fileRef = DFDA09751BE7FE9A00FFA1EE /* LaunchScreen.storyboard */; };
		DFDA09801BE800FC00FFA1EE /* TestCell.m in Sources */ = {isa = PBXBuildFile; fileRef = DFDA097F1BE800FC00FFA1EE /* TestCell.m */; };
/* End PBXBuildFile section */

/* Begin PBXFileReference section */
		DFDA09641BE7FE9A00FFA1EE /* TestEditableTableView.app */ = {isa = PBXFileReference; explicitFileType = wrapper.application; includeInIndex = 0; path = TestEditableTableView.app; sourceTree = BUILT_PRODUCTS_DIR; };
		DFDA09681BE7FE9A00FFA1EE /* main.m */ = {isa = PBXFileReference; lastKnownFileType = sourcecode.c.objc; path = main.m; sourceTree = "<group>"; };
		DFDA096A1BE7FE9A00FFA1EE /* AppDelegate.h */ = {isa = PBXFileReference; lastKnownFileType = sourcecode.c.h; path = AppDelegate.h; sourceTree = "<group>"; };
		DFDA096B1BE7FE9A00FFA1EE /* AppDelegate.m */ = {isa = PBXFileReference; lastKnownFileType = sourcecode.c.objc; path = AppDelegate.m; sourceTree = "<group>"; };
		DFDA096D1BE7FE9A00FFA1EE /* MyTableViewController.h */ = {isa = PBXFileReference; lastKnownFileType = sourcecode.c.h; path = MyTableViewController.h; sourceTree = "<group>"; };
		DFDA096E1BE7FE9A00FFA1EE /* MyTableViewController.m */ = {isa = PBXFileReference; lastKnownFileType = sourcecode.c.objc; path = MyTableViewController.m; sourceTree = "<group>"; };
		DFDA09711BE7FE9A00FFA1EE /* Base */ = {isa = PBXFileReference; lastKnownFileType = file.storyboard; name = Base; path = Base.lproj/Main.storyboard; sourceTree = "<group>"; };
		DFDA09731BE7FE9A00FFA1EE /* Assets.xcassets */ = {isa = PBXFileReference; lastKnownFileType = folder.assetcatalog; path = Assets.xcassets; sourceTree = "<group>"; };
		DFDA09761BE7FE9A00FFA1EE /* Base */ = {isa = PBXFileReference; lastKnownFileType = file.storyboard; name = Base; path = Base.lproj/LaunchScreen.storyboard; sourceTree = "<group>"; };
		DFDA09781BE7FE9A00FFA1EE /* Info.plist */ = {isa = PBXFileReference; lastKnownFileType = text.plist.xml; path = Info.plist; sourceTree = "<group>"; };
		DFDA097E1BE800FC00FFA1EE /* TestCell.h */ = {isa = PBXFileReference; fileEncoding = 4; lastKnownFileType = sourcecode.c.h; path = TestCell.h; sourceTree = "<group>"; };
		DFDA097F1BE800FC00FFA1EE /* TestCell.m */ = {isa = PBXFileReference; fileEncoding = 4; lastKnownFileType = sourcecode.c.objc; path = TestCell.m; sourceTree = "<group>"; };
/* End PBXFileReference section */

/* Begin PBXFrameworksBuildPhase section */
		DFDA09611BE7FE9A00FFA1EE /* Frameworks */ = {
			isa = PBXFrameworksBuildPhase;
			buildActionMask = 2147483647;
			files = (
			);
			runOnlyForDeploymentPostprocessing = 0;
		};
/* End PBXFrameworksBuildPhase section */

/* Begin PBXGroup section */
		DFDA095B1BE7FE9A00FFA1EE = {
			isa = PBXGroup;
			children = (
				DFDA09661BE7FE9A00FFA1EE /* TestEditableTableView */,
				DFDA09651BE7FE9A00FFA1EE /* Products */,
			);
			sourceTree = "<group>";
		};
		DFDA09651BE7FE9A00FFA1EE /* Products */ = {
			isa = PBXGroup;
			children = (
				DFDA09641BE7FE9A00FFA1EE /* TestEditableTableView.app */,
			);
			name = Products;
			sourceTree = "<group>";
		};
		DFDA09661BE7FE9A00FFA1EE /* TestEditableTableView */ = {
			isa = PBXGroup;
			children = (
				DFDA096A1BE7FE9A00FFA1EE /* AppDelegate.h */,
				DFDA096B1BE7FE9A00FFA1EE /* AppDelegate.m */,
				DFDA097E1BE800FC00FFA1EE /* TestCell.h */,
				DFDA097F1BE800FC00FFA1EE /* TestCell.m */,
				DFDA096D1BE7FE9A00FFA1EE /* MyTableViewController.h */,
				DFDA096E1BE7FE9A00FFA1EE /* MyTableViewController.m */,
				DFDA09701BE7FE9A00FFA1EE /* Main.storyboard */,
				DFDA09731BE7FE9A00FFA1EE /* Assets.xcassets */,
				DFDA09751BE7FE9A00FFA1EE /* LaunchScreen.storyboard */,
				DFDA09781BE7FE9A00FFA1EE /* Info.plist */,
				DFDA09671BE7FE9A00FFA1EE /* Supporting Files */,
			);
			path = TestEditableTableView;
			sourceTree = "<group>";
		};
		DFDA09671BE7FE9A00FFA1EE /* Supporting Files */ = {
			isa = PBXGroup;
			children = (
				DFDA09681BE7FE9A00FFA1EE /* main.m */,
			);
			name = "Supporting Files";
			sourceTree = "<group>";
		};
/* End PBXGroup section */

/* Begin PBXNativeTarget section */
		DFDA09631BE7FE9A00FFA1EE /* TestEditableTableView */ = {
			isa = PBXNativeTarget;
			buildConfigurationList = DFDA097B1BE7FE9A00FFA1EE /* Build configuration list for PBXNativeTarget "TestEditableTableView" */;
			buildPhases = (
				DFDA09601BE7FE9A00FFA1EE /* Sources */,
				DFDA09611BE7FE9A00FFA1EE /* Frameworks */,
				DFDA09621BE7FE9A00FFA1EE /* Resources */,
			);
			buildRules = (
			);
			dependencies = (
			);
			name = TestEditableTableView;
			productName = TestEditableTableView;
			productReference = DFDA09641BE7FE9A00FFA1EE /* TestEditableTableView.app */;
			productType = "com.apple.product-type.application";
		};
/* End PBXNativeTarget section */

/* Begin PBXProject section */
		DFDA095C1BE7FE9A00FFA1EE /* Project object */ = {
			isa = PBXProject;
			attributes = {
				LastUpgradeCheck = 0710;
				ORGANIZATIONNAME = "Gonzalo Castro";
				TargetAttributes = {
					DFDA09631BE7FE9A00FFA1EE = {
						CreatedOnToolsVersion = 7.1;
					};
				};
			};
			buildConfigurationList = DFDA095F1BE7FE9A00FFA1EE /* Build configuration list for PBXProject "TestEditableTableView" */;
			compatibilityVersion = "Xcode 3.2";
			developmentRegion = English;
			hasScannedForEncodings = 0;
			knownRegions = (
				en,
				Base,
			);
			mainGroup = DFDA095B1BE7FE9A00FFA1EE;
			productRefGroup = DFDA09651BE7FE9A00FFA1EE /* Products */;
			projectDirPath = "";
			projectRoot = "";
			targets = (
				DFDA09631BE7FE9A00FFA1EE /* TestEditableTableView */,
			);
		};
/* End PBXProject section */

/* Begin PBXResourcesBuildPhase section */
		DFDA09621BE7FE9A00FFA1EE /* Resources */ = {
			isa = PBXResourcesBuildPhase;
			buildActionMask = 2147483647;
			files = (
				DFDA09771BE7FE9A00FFA1EE /* LaunchScreen.storyboard in Resources */,
				DFDA09741BE7FE9A00FFA1EE /* Assets.xcassets in Resources */,
				DFDA09721BE7FE9A00FFA1EE /* Main.storyboard in Resources */,
			);
			runOnlyForDeploymentPostprocessing = 0;
		};
/* End PBXResourcesBuildPhase section */

/* Begin PBXSourcesBuildPhase section */
		DFDA09601BE7FE9A00FFA1EE /* Sources */ = {
			isa = PBXSourcesBuildPhase;
			buildActionMask = 2147483647;
			files = (
				DFDA096F1BE7FE9A00FFA1EE /* MyTableViewController.m in Sources */,
				DFDA09801BE800FC00FFA1EE /* TestCell.m in Sources */,
				DFDA096C1BE7FE9A00FFA1EE /* AppDelegate.m in Sources */,
				DFDA09691BE7FE9A00FFA1EE /* main.m in Sources */,
			);
			runOnlyForDeploymentPostprocessing = 0;
		};
/* End PBXSourcesBuildPhase section */

/* Begin PBXVariantGroup section */
		DFDA09701BE7FE9A00FFA1EE /* Main.storyboard */ = {
			isa = PBXVariantGroup;
			children = (
				DFDA09711BE7FE9A00FFA1EE /* Base */,
			);
			name = Main.storyboard;
			sourceTree = "<group>";
		};
		DFDA09751BE7FE9A00FFA1EE /* LaunchScreen.storyboard */ = {
			isa = PBXVariantGroup;
			children = (
				DFDA09761BE7FE9A00FFA1EE /* Base */,
			);
			name = LaunchScreen.storyboard;
			sourceTree = "<group>";
		};
/* End PBXVariantGroup section */

/* Begin XCBuildConfiguration section */
		DFDA09791BE7FE9A00FFA1EE /* Debug */ = {
			isa = XCBuildConfiguration;
			buildSettings = {
				ALWAYS_SEARCH_USER_PATHS = NO;
				CLANG_CXX_LANGUAGE_STANDARD = "gnu++0x";
				CLANG_CXX_LIBRARY = "libc++";
				CLANG_ENABLE_MODULES = YES;
				CLANG_ENABLE_OBJC_ARC = YES;
				CLANG_WARN_BOOL_CONVERSION = YES;
				CLANG_WARN_CONSTANT_CONVERSION = YES;
				CLANG_WARN_DIRECT_OBJC_ISA_USAGE = YES_ERROR;
				CLANG_WARN_EMPTY_BODY = YES;
				CLANG_WARN_ENUM_CONVERSION = YES;
				CLANG_WARN_INT_CONVERSION = YES;
				CLANG_WARN_OBJC_ROOT_CLASS = YES_ERROR;
				CLANG_WARN_UNREACHABLE_CODE = YES;
				CLANG_WARN__DUPLICATE_METHOD_MATCH = YES;
				"CODE_SIGN_IDENTITY[sdk=iphoneos*]" = "iPhone Developer";
				COPY_PHASE_STRIP = NO;
				DEBUG_INFORMATION_FORMAT = dwarf;
				ENABLE_STRICT_OBJC_MSGSEND = YES;
				ENABLE_TESTABILITY = YES;
				GCC_C_LANGUAGE_STANDARD = gnu99;
				GCC_DYNAMIC_NO_PIC = NO;
				GCC_NO_COMMON_BLOCKS = YES;
				GCC_OPTIMIZATION_LEVEL = 0;
				GCC_PREPROCESSOR_DEFINITIONS = (
					"DEBUG=1",
					"$(inherited)",
				);
				GCC_WARN_64_TO_32_BIT_CONVERSION = YES;
				GCC_WARN_ABOUT_RETURN_TYPE = YES_ERROR;
				GCC_WARN_UNDECLARED_SELECTOR = YES;
				GCC_WARN_UNINITIALIZED_AUTOS = YES_AGGRESSIVE;
				GCC_WARN_UNUSED_FUNCTION = YES;
				GCC_WARN_UNUSED_VARIABLE = YES;
				IPHONEOS_DEPLOYMENT_TARGET = 9.1;
				MTL_ENABLE_DEBUG_INFO = YES;
				ONLY_ACTIVE_ARCH = YES;
				OTHER_LDFLAGS = "";
				SDKROOT = iphoneos;
				TARGETED_DEVICE_FAMILY = "1,2";
			};
			name = Debug;
		};
		DFDA097A1BE7FE9A00FFA1EE /* Release */ = {
			isa = XCBuildConfiguration;
			buildSettings = {
				ALWAYS_SEARCH_USER_PATHS = NO;
				CLANG_CXX_LANGUAGE_STANDARD = "gnu++0x";
				CLANG_CXX_LIBRARY = "libc++";
				CLANG_ENABLE_MODULES = YES;
				CLANG_ENABLE_OBJC_ARC = YES;
				CLANG_WARN_BOOL_CONVERSION = YES;
				CLANG_WARN_CONSTANT_CONVERSION = YES;
				CLANG_WARN_DIRECT_OBJC_ISA_USAGE = YES_ERROR;
				CLANG_WARN_EMPTY_BODY = YES;
				CLANG_WARN_ENUM_CONVERSION = YES;
				CLANG_WARN_INT_CONVERSION = YES;
				CLANG_WARN_OBJC_ROOT_CLASS = YES_ERROR;
				CLANG_WARN_UNREACHABLE_CODE = YES;
				CLANG_WARN__DUPLICATE_METHOD_MATCH = YES;
				"CODE_SIGN_IDENTITY[sdk=iphoneos*]" = "iPhone Developer";
				COPY_PHASE_STRIP = NO;
				DEBUG_INFORMATION_FORMAT = "dwarf-with-dsym";
				ENABLE_NS_ASSERTIONS = NO;
				ENABLE_STRICT_OBJC_MSGSEND = YES;
				GCC_C_LANGUAGE_STANDARD = gnu99;
				GCC_NO_COMMON_BLOCKS = YES;
				GCC_WARN_64_TO_32_BIT_CONVERSION = YES;
				GCC_WARN_ABOUT_RETURN_TYPE = YES_ERROR;
				GCC_WARN_UNDECLARED_SELECTOR = YES;
				GCC_WARN_UNINITIALIZED_AUTOS = YES_AGGRESSIVE;
				GCC_WARN_UNUSED_FUNCTION = YES;
				GCC_WARN_UNUSED_VARIABLE = YES;
				IPHONEOS_DEPLOYMENT_TARGET = 9.1;
				MTL_ENABLE_DEBUG_INFO = NO;
				OTHER_LDFLAGS = "";
				SDKROOT = iphoneos;
				TARGETED_DEVICE_FAMILY = "1,2";
				VALIDATE_PRODUCT = YES;
			};
			name = Release;
		};
		DFDA097C1BE7FE9A00FFA1EE /* Debug */ = {
			isa = XCBuildConfiguration;
			buildSettings = {
				ASSETCATALOG_COMPILER_APPICON_NAME = AppIcon;
				FRAMEWORK_SEARCH_PATHS = (
					"$(inherited)",
					"$(PROJECT_DIR)/TestEditableTableView",
				);
				INFOPLIST_FILE = TestEditableTableView/Info.plist;
				LD_RUNPATH_SEARCH_PATHS = "$(inherited) @executable_path/Frameworks";
				OTHER_LDFLAGS = "";
				PRODUCT_BUNDLE_IDENTIFIER = com.gonzalocastro.TestEditableTableView;
				PRODUCT_NAME = TestEditableTableView;
			};
			name = Debug;
		};
		DFDA097D1BE7FE9A00FFA1EE /* Release */ = {
			isa = XCBuildConfiguration;
			buildSettings = {
				ASSETCATALOG_COMPILER_APPICON_NAME = AppIcon;
				FRAMEWORK_SEARCH_PATHS = (
					"$(inherited)",
					"$(PROJECT_DIR)/TestEditableTableView",
				);
				INFOPLIST_FILE = TestEditableTableView/Info.plist;
				LD_RUNPATH_SEARCH_PATHS = "$(inherited) @executable_path/Frameworks";
				OTHER_LDFLAGS = "";
				PRODUCT_BUNDLE_IDENTIFIER = com.gonzalocastro.TestEditableTableView;
				PRODUCT_NAME = TestEditableTableView;
			};
			name = Release;
		};
/* End XCBuildConfiguration section */

/* Begin XCConfigurationList section */
		DFDA095F1BE7FE9A00FFA1EE /* Build configuration list for PBXProject "TestEditableTableView" */ = {
			isa = XCConfigurationList;
			buildConfigurations = (
				DFDA09791BE7FE9A00FFA1EE /* Debug */,
				DFDA097A1BE7FE9A00FFA1EE /* Release */,
			);
			defaultConfigurationIsVisible = 0;
			defaultConfigurationName = Release;
		};
		DFDA097B1BE7FE9A00FFA1EE /* Build configuration list for PBXNativeTarget "TestEditableTableView" */ = {
			isa = XCConfigurationList;
			buildConfigurations = (
				DFDA097C1BE7FE9A00FFA1EE /* Debug */,
				DFDA097D1BE7FE9A00FFA1EE /* Release */,
			);
			defaultConfigurationIsVisible = 0;
			defaultConfigurationName = Release;
		};
/* End XCConfigurationList section */
	};
	rootObject = DFDA095C1BE7FE9A00FFA1EE /* Project object */;
}
